Microsoft Visual Studio Solution File, Format Version 12.00
# Visual Studio Version 17
VisualStudioVersion = 17.5.2.0
MinimumVisualStudioVersion = 10.0.40219.1
Project("{FAE04EC0-301F-11D3-BF4B-00C04F79EFBC}") = "PdfiumWasmIntegration", "PdfiumWasmIntegration.csproj", "{B4970440-62FC-2EC3-A1DE-2F789C061F4C}"
EndProject
Global
	GlobalSection(SolutionConfigurationPlatforms) = preSolution
		Debug|Any CPU = Debug|Any CPU
		Release|Any CPU = Release|Any CPU
	EndGlobalSection
	GlobalSection(ProjectConfigurationPlatforms) = postSolution
		{B4970440-62FC-2EC3-A1DE-2F789C061F4C}.Debug|Any CPU.ActiveCfg = Debug|Any CPU
		{B4970440-62FC-2EC3-A1DE-2F789C061F4C}.Debug|Any CPU.Build.0 = Debug|Any CPU
		{B4970440-62FC-2EC3-A1DE-2F789C061F4C}.Release|Any CPU.ActiveCfg = Release|Any CPU
		{B4970440-62FC-2EC3-A1DE-2F789C061F4C}.Release|Any CPU.Build.0 = Release|Any CPU
	EndGlobalSection
	GlobalSection(SolutionProperties) = preSolution
		HideSolutionNode = FALSE
	EndGlobalSection
	GlobalSection(ExtensibilityGlobals) = postSolution
		SolutionGuid = {211F9FE4-E0EC-4469-9576-0487DE58A58E}
	EndGlobalSection
EndGlobal
